
Microsoft Visual Studio Solution File, Format Version 12.00
# Visual Studio 15
VisualStudioVersion = 15.0.27130.2010
MinimumVisualStudioVersion = 10.0.40219.1
Project("{FAE04EC0-301F-11D3-BF4B-00C04F79EFBC}") = "ReversedStrings", "ReversedStrings\ReversedStrings.csproj", "{D685C6AF-B878-4F20-BDFE-50E1B0D7DC6A}"
EndProject
Project("{FAE04EC0-301F-11D3-BF4B-00C04F79EFBC}") = "SimpleCalculator", "SimpleCalculator\SimpleCalculator.csproj", "{E50D6D44-17B6-4E18-B044-72ECD25641E8}"
EndProject
Project("{FAE04EC0-301F-11D3-BF4B-00C04F79EFBC}") = "DecimaltoBinaryConverter", "DecimaltoBinaryConverter\DecimaltoBinaryConverter.csproj", "{5234BE88-A487-433F-9A1E-B01CF507129D}"
EndProject
Project("{FAE04EC0-301F-11D3-BF4B-00C04F79EFBC}") = "MatchingBrackets", "MatchingBrakcets\MatchingBrackets.csproj", "{F6E53460-EC10-47A6-9DED-886E48DC84A6}"
EndProject
Project("{FAE04EC0-301F-11D3-BF4B-00C04F79EFBC}") = "HotPotato", "HotPotato\HotPotato.csproj", "{68B03F02-BFDE-4C6E-AABA-0639C9B5C4EB}"
EndProject
Project("{FAE04EC0-301F-11D3-BF4B-00C04F79EFBC}") = "TrafficJam", "TrafficJam\TrafficJam.csproj", "{D54A0E66-DCAA-4482-B6AC-53B1ABFED01A}"
EndProject
Global
	GlobalSection(SolutionConfigurationPlatforms) = preSolution
		Debug|Any CPU = Debug|Any CPU
		Release|Any CPU = Release|Any CPU
	EndGlobalSection
	GlobalSection(ProjectConfigurationPlatforms) = postSolution
		{D685C6AF-B878-4F20-BDFE-50E1B0D7DC6A}.Debug|Any CPU.ActiveCfg = Debug|Any CPU
		{D685C6AF-B878-4F20-BDFE-50E1B0D7DC6A}.Debug|Any CPU.Build.0 = Debug|Any CPU
		{D685C6AF-B878-4F20-BDFE-50E1B0D7DC6A}.Release|Any CPU.ActiveCfg = Release|Any CPU
		{D685C6AF-B878-4F20-BDFE-50E1B0D7DC6A}.Release|Any CPU.Build.0 = Release|Any CPU
		{E50D6D44-17B6-4E18-B044-72ECD25641E8}.Debug|Any CPU.ActiveCfg = Debug|Any CPU
		{E50D6D44-17B6-4E18-B044-72ECD25641E8}.Debug|Any CPU.Build.0 = Debug|Any CPU
		{E50D6D44-17B6-4E18-B044-72ECD25641E8}.Release|Any CPU.ActiveCfg = Release|Any CPU
		{E50D6D44-17B6-4E18-B044-72ECD25641E8}.Release|Any CPU.Build.0 = Release|Any CPU
		{5234BE88-A487-433F-9A1E-B01CF507129D}.Debug|Any CPU.ActiveCfg = Debug|Any CPU
		{5234BE88-A487-433F-9A1E-B01CF507129D}.Debug|Any CPU.Build.0 = Debug|Any CPU
		{5234BE88-A487-433F-9A1E-B01CF507129D}.Release|Any CPU.ActiveCfg = Release|Any CPU
		{5234BE88-A487-433F-9A1E-B01CF507129D}.Release|Any CPU.Build.0 = Release|Any CPU
		{F6E53460-EC10-47A6-9DED-886E48DC84A6}.Debug|Any CPU.ActiveCfg = Debug|Any CPU
		{F6E53460-EC10-47A6-9DED-886E48DC84A6}.Debug|Any CPU.Build.0 = Debug|Any CPU
		{F6E53460-EC10-47A6-9DED-886E48DC84A6}.Release|Any CPU.ActiveCfg = Release|Any CPU
		{F6E53460-EC10-47A6-9DED-886E48DC84A6}.Release|Any CPU.Build.0 = Release|Any CPU
		{68B03F02-BFDE-4C6E-AABA-0639C9B5C4EB}.Debug|Any CPU.ActiveCfg = Debug|Any CPU
		{68B03F02-BFDE-4C6E-AABA-0639C9B5C4EB}.Debug|Any CPU.Build.0 = Debug|Any CPU
		{68B03F02-BFDE-4C6E-AABA-0639C9B5C4EB}.Release|Any CPU.ActiveCfg = Release|Any CPU
		{68B03F02-BFDE-4C6E-AABA-0639C9B5C4EB}.Release|Any CPU.Build.0 = Release|Any CPU
		{D54A0E66-DCAA-4482-B6AC-53B1ABFED01A}.Debug|Any CPU.ActiveCfg = Debug|Any CPU
		{D54A0E66-DCAA-4482-B6AC-53B1ABFED01A}.Debug|Any CPU.Build.0 = Debug|Any CPU
		{D54A0E66-DCAA-4482-B6AC-53B1ABFED01A}.Release|Any CPU.ActiveCfg = Release|Any CPU
		{D54A0E66-DCAA-4482-B6AC-53B1ABFED01A}.Release|Any CPU.Build.0 = Release|Any CPU
	EndGlobalSection
	GlobalSection(SolutionProperties) = preSolution
		HideSolutionNode = FALSE
	EndGlobalSection
	GlobalSection(ExtensibilityGlobals) = postSolution
		SolutionGuid = {21159085-68FF-4DD2-9D1A-CBE7BB887B2D}
	EndGlobalSection
EndGlobal
