
Microsoft Visual Studio Solution File, Format Version 12.00
# Visual Studio 15
VisualStudioVersion = 15.0.27130.2026
MinimumVisualStudioVersion = 10.0.40219.1
Project("{FAE04EC0-301F-11D3-BF4B-00C04F79EFBC}") = "MatrixofPalindromes", "MatrixofPalindromes\MatrixofPalindromes.csproj", "{E8C9ED42-0FDB-4136-8B3D-7AB587847704}"
EndProject
Project("{FAE04EC0-301F-11D3-BF4B-00C04F79EFBC}") = "DiagonalDifference", "DiagonalDifference\DiagonalDifference.csproj", "{2A01B517-7F98-4ABE-BE69-3A29C0C6DDA7}"
EndProject
Project("{FAE04EC0-301F-11D3-BF4B-00C04F79EFBC}") = "2x2SquaresInMatrix", "2x2SquaresInMatrix\2x2SquaresInMatrix.csproj", "{55F52DB8-1D67-4758-A8F3-7D854F470081}"
EndProject
Project("{FAE04EC0-301F-11D3-BF4B-00C04F79EFBC}") = "MaximalSum", "MaximalSu\MaximalSum.csproj", "{1354C183-696D-498D-A072-BA625CED4E1A}"
EndProject
Project("{FAE04EC0-301F-11D3-BF4B-00C04F79EFBC}") = "RubiksMatrix", "RubiksMatrix\RubiksMatrix.csproj", "{1C4A06D0-3747-49D6-B1D6-3342BB0B3FC1}"
EndProject
Project("{FAE04EC0-301F-11D3-BF4B-00C04F79EFBC}") = "TargetPractice", "TargetPractice\TargetPractice.csproj", "{0D27A7A5-9787-4079-A52C-EB49438D0C72}"
EndProject
Project("{FAE04EC0-301F-11D3-BF4B-00C04F79EFBC}") = "LegoBlocks", "LegoBlocks\LegoBlocks.csproj", "{4803AE72-E76A-450A-B3E3-E1E1E8FD5F97}"
EndProject
Project("{FAE04EC0-301F-11D3-BF4B-00C04F79EFBC}") = "RadioactiveMutantVampireBunnies", "RadioactiveMutantVampireBunnies\RadioactiveMutantVampireBunnies.csproj", "{E9DD3F15-CE0D-41F1-ADA8-428171B28E52}"
EndProject
Global
	GlobalSection(SolutionConfigurationPlatforms) = preSolution
		Debug|Any CPU = Debug|Any CPU
		Release|Any CPU = Release|Any CPU
	EndGlobalSection
	GlobalSection(ProjectConfigurationPlatforms) = postSolution
		{E8C9ED42-0FDB-4136-8B3D-7AB587847704}.Debug|Any CPU.ActiveCfg = Debug|Any CPU
		{E8C9ED42-0FDB-4136-8B3D-7AB587847704}.Debug|Any CPU.Build.0 = Debug|Any CPU
		{E8C9ED42-0FDB-4136-8B3D-7AB587847704}.Release|Any CPU.ActiveCfg = Release|Any CPU
		{E8C9ED42-0FDB-4136-8B3D-7AB587847704}.Release|Any CPU.Build.0 = Release|Any CPU
		{2A01B517-7F98-4ABE-BE69-3A29C0C6DDA7}.Debug|Any CPU.ActiveCfg = Debug|Any CPU
		{2A01B517-7F98-4ABE-BE69-3A29C0C6DDA7}.Debug|Any CPU.Build.0 = Debug|Any CPU
		{2A01B517-7F98-4ABE-BE69-3A29C0C6DDA7}.Release|Any CPU.ActiveCfg = Release|Any CPU
		{2A01B517-7F98-4ABE-BE69-3A29C0C6DDA7}.Release|Any CPU.Build.0 = Release|Any CPU
		{55F52DB8-1D67-4758-A8F3-7D854F470081}.Debug|Any CPU.ActiveCfg = Debug|Any CPU
		{55F52DB8-1D67-4758-A8F3-7D854F470081}.Debug|Any CPU.Build.0 = Debug|Any CPU
		{55F52DB8-1D67-4758-A8F3-7D854F470081}.Release|Any CPU.ActiveCfg = Release|Any CPU
		{55F52DB8-1D67-4758-A8F3-7D854F470081}.Release|Any CPU.Build.0 = Release|Any CPU
		{1354C183-696D-498D-A072-BA625CED4E1A}.Debug|Any CPU.ActiveCfg = Debug|Any CPU
		{1354C183-696D-498D-A072-BA625CED4E1A}.Debug|Any CPU.Build.0 = Debug|Any CPU
		{1354C183-696D-498D-A072-BA625CED4E1A}.Release|Any CPU.ActiveCfg = Release|Any CPU
		{1354C183-696D-498D-A072-BA625CED4E1A}.Release|Any CPU.Build.0 = Release|Any CPU
		{1C4A06D0-3747-49D6-B1D6-3342BB0B3FC1}.Debug|Any CPU.ActiveCfg = Debug|Any CPU
		{1C4A06D0-3747-49D6-B1D6-3342BB0B3FC1}.Debug|Any CPU.Build.0 = Debug|Any CPU
		{1C4A06D0-3747-49D6-B1D6-3342BB0B3FC1}.Release|Any CPU.ActiveCfg = Release|Any CPU
		{1C4A06D0-3747-49D6-B1D6-3342BB0B3FC1}.Release|Any CPU.Build.0 = Release|Any CPU
		{0D27A7A5-9787-4079-A52C-EB49438D0C72}.Debug|Any CPU.ActiveCfg = Debug|Any CPU
		{0D27A7A5-9787-4079-A52C-EB49438D0C72}.Debug|Any CPU.Build.0 = Debug|Any CPU
		{0D27A7A5-9787-4079-A52C-EB49438D0C72}.Release|Any CPU.ActiveCfg = Release|Any CPU
		{0D27A7A5-9787-4079-A52C-EB49438D0C72}.Release|Any CPU.Build.0 = Release|Any CPU
		{4803AE72-E76A-450A-B3E3-E1E1E8FD5F97}.Debug|Any CPU.ActiveCfg = Debug|Any CPU
		{4803AE72-E76A-450A-B3E3-E1E1E8FD5F97}.Debug|Any CPU.Build.0 = Debug|Any CPU
		{4803AE72-E76A-450A-B3E3-E1E1E8FD5F97}.Release|Any CPU.ActiveCfg = Release|Any CPU
		{4803AE72-E76A-450A-B3E3-E1E1E8FD5F97}.Release|Any CPU.Build.0 = Release|Any CPU
		{E9DD3F15-CE0D-41F1-ADA8-428171B28E52}.Debug|Any CPU.ActiveCfg = Debug|Any CPU
		{E9DD3F15-CE0D-41F1-ADA8-428171B28E52}.Debug|Any CPU.Build.0 = Debug|Any CPU
		{E9DD3F15-CE0D-41F1-ADA8-428171B28E52}.Release|Any CPU.ActiveCfg = Release|Any CPU
		{E9DD3F15-CE0D-41F1-ADA8-428171B28E52}.Release|Any CPU.Build.0 = Release|Any CPU
	EndGlobalSection
	GlobalSection(SolutionProperties) = preSolution
		HideSolutionNode = FALSE
	EndGlobalSection
	GlobalSection(ExtensibilityGlobals) = postSolution
		SolutionGuid = {AFD89B2F-A840-4E93-ACAC-B1A01EFF1510}
	EndGlobalSection
EndGlobal
