
Microsoft Visual Studio Solution File, Format Version 12.00
# Visual Studio 15
VisualStudioVersion = 15.0.27130.2026
MinimumVisualStudioVersion = 10.0.40219.1
Project("{FAE04EC0-301F-11D3-BF4B-00C04F79EFBC}") = "KnightGame", "KnightGame\KnightGame.csproj", "{F7623EF8-B075-4A3C-B27D-867E7B937245}"
EndProject
Project("{FAE04EC0-301F-11D3-BF4B-00C04F79EFBC}") = "Regeh", "Regeh\Regeh.csproj", "{A9A117F6-C5B3-434F-83CD-2067EFAB0C74}"
EndProject
Project("{FAE04EC0-301F-11D3-BF4B-00C04F79EFBC}") = "NumberWar", "NumberWar\NumberWar.csproj", "{C3350ED4-527D-4BCB-B193-1F8F39868F5B}"
EndProject
Project("{FAE04EC0-301F-11D3-BF4B-00C04F79EFBC}") = "Hospital", "Hospital\Hospital.csproj", "{A48AB3ED-0EB3-4CA9-8E5D-021CB73A3958}"
EndProject
Global
	GlobalSection(SolutionConfigurationPlatforms) = preSolution
		Debug|Any CPU = Debug|Any CPU
		Release|Any CPU = Release|Any CPU
	EndGlobalSection
	GlobalSection(ProjectConfigurationPlatforms) = postSolution
		{F7623EF8-B075-4A3C-B27D-867E7B937245}.Debug|Any CPU.ActiveCfg = Debug|Any CPU
		{F7623EF8-B075-4A3C-B27D-867E7B937245}.Debug|Any CPU.Build.0 = Debug|Any CPU
		{F7623EF8-B075-4A3C-B27D-867E7B937245}.Release|Any CPU.ActiveCfg = Release|Any CPU
		{F7623EF8-B075-4A3C-B27D-867E7B937245}.Release|Any CPU.Build.0 = Release|Any CPU
		{A9A117F6-C5B3-434F-83CD-2067EFAB0C74}.Debug|Any CPU.ActiveCfg = Debug|Any CPU
		{A9A117F6-C5B3-434F-83CD-2067EFAB0C74}.Debug|Any CPU.Build.0 = Debug|Any CPU
		{A9A117F6-C5B3-434F-83CD-2067EFAB0C74}.Release|Any CPU.ActiveCfg = Release|Any CPU
		{A9A117F6-C5B3-434F-83CD-2067EFAB0C74}.Release|Any CPU.Build.0 = Release|Any CPU
		{C3350ED4-527D-4BCB-B193-1F8F39868F5B}.Debug|Any CPU.ActiveCfg = Debug|Any CPU
		{C3350ED4-527D-4BCB-B193-1F8F39868F5B}.Debug|Any CPU.Build.0 = Debug|Any CPU
		{C3350ED4-527D-4BCB-B193-1F8F39868F5B}.Release|Any CPU.ActiveCfg = Release|Any CPU
		{C3350ED4-527D-4BCB-B193-1F8F39868F5B}.Release|Any CPU.Build.0 = Release|Any CPU
		{A48AB3ED-0EB3-4CA9-8E5D-021CB73A3958}.Debug|Any CPU.ActiveCfg = Debug|Any CPU
		{A48AB3ED-0EB3-4CA9-8E5D-021CB73A3958}.Debug|Any CPU.Build.0 = Debug|Any CPU
		{A48AB3ED-0EB3-4CA9-8E5D-021CB73A3958}.Release|Any CPU.ActiveCfg = Release|Any CPU
		{A48AB3ED-0EB3-4CA9-8E5D-021CB73A3958}.Release|Any CPU.Build.0 = Release|Any CPU
	EndGlobalSection
	GlobalSection(SolutionProperties) = preSolution
		HideSolutionNode = FALSE
	EndGlobalSection
	GlobalSection(ExtensibilityGlobals) = postSolution
		SolutionGuid = {BFABD782-9CC9-493B-98E1-F839DDBB90EA}
	EndGlobalSection
EndGlobal
